
Microsoft Visual Studio Solution File, Format Version 12.00
# Visual Studio Version 17
VisualStudioVersion = 17.12.35707.178 d17.12
MinimumVisualStudioVersion = 10.0.40219.1
Project("{FAE04EC0-301F-11D3-BF4B-00C04F79EFBC}") = "compito-13-02", "compito-13-02\compito-13-02.csproj", "{04BC3AB9-44B3-4F10-ABD4-B1092A3D87AF}"
EndProject
Global
	GlobalSection(SolutionConfigurationPlatforms) = preSolution
		Debug|Any CPU = Debug|Any CPU
		Release|Any CPU = Release|Any CPU
	EndGlobalSection
	GlobalSection(ProjectConfigurationPlatforms) = postSolution
		{04BC3AB9-44B3-4F10-ABD4-B1092A3D87AF}.Debug|Any CPU.ActiveCfg = Debug|Any CPU
		{04BC3AB9-44B3-4F10-ABD4-B1092A3D87AF}.Debug|Any CPU.Build.0 = Debug|Any CPU
		{04BC3AB9-44B3-4F10-ABD4-B1092A3D87AF}.Release|Any CPU.ActiveCfg = Release|Any CPU
		{04BC3AB9-44B3-4F10-ABD4-B1092A3D87AF}.Release|Any CPU.Build.0 = Release|Any CPU
	EndGlobalSection
	GlobalSection(SolutionProperties) = preSolution
		HideSolutionNode = FALSE
	EndGlobalSection
EndGlobal
